
Microsoft Visual Studio Solution File, Format Version 12.00
Project("{FAE04EC0-301F-11D3-BF4B-00C04F79EFBC}") = "AdventOfCode2023.Day2", "src\AdventOfCode2023.Day2\AdventOfCode2023.Day2.csproj", "{6AC30A22-AF0C-4C49-A1CA-2D1153B549D0}"
EndProject
Project("{FAE04EC0-301F-11D3-BF4B-00C04F79EFBC}") = "AdventOfCode2023.Day1", "src\AdventOfCode2023.Day1\AdventOfCode2023.Day1.csproj", "{B817CBF0-821D-4035-BE60-4CC587224DE4}"
EndProject
Project("{FAE04EC0-301F-11D3-BF4B-00C04F79EFBC}") = "AdventOfCode2023.Day4", "src\AdventOfCode2023.Day4\AdventOfCode2023.Day4.csproj", "{E9B46317-2B95-4B69-A5D0-1B13EE283963}"
EndProject
Project("{FAE04EC0-301F-11D3-BF4B-00C04F79EFBC}") = "AdventOfCode2023.Day5", "src\AdventOfCode2023.Day5\AdventOfCode2023.Day5.csproj", "{4A4E0767-C3EA-4C2E-8FE5-AD04BF3601FB}"
EndProject
Project("{FAE04EC0-301F-11D3-BF4B-00C04F79EFBC}") = "AdventOfCode2023.Day7", "src\AdventOfCode2023.Day7\AdventOfCode2023.Day7.csproj", "{69FE491D-A375-4777-BE10-48055C77E8EB}"
EndProject
Global
	GlobalSection(SolutionConfigurationPlatforms) = preSolution
		Debug|Any CPU = Debug|Any CPU
		Release|Any CPU = Release|Any CPU
	EndGlobalSection
	GlobalSection(ProjectConfigurationPlatforms) = postSolution
		{6AC30A22-AF0C-4C49-A1CA-2D1153B549D0}.Debug|Any CPU.ActiveCfg = Debug|Any CPU
		{6AC30A22-AF0C-4C49-A1CA-2D1153B549D0}.Debug|Any CPU.Build.0 = Debug|Any CPU
		{6AC30A22-AF0C-4C49-A1CA-2D1153B549D0}.Release|Any CPU.ActiveCfg = Release|Any CPU
		{6AC30A22-AF0C-4C49-A1CA-2D1153B549D0}.Release|Any CPU.Build.0 = Release|Any CPU
		{B817CBF0-821D-4035-BE60-4CC587224DE4}.Debug|Any CPU.ActiveCfg = Debug|Any CPU
		{B817CBF0-821D-4035-BE60-4CC587224DE4}.Debug|Any CPU.Build.0 = Debug|Any CPU
		{B817CBF0-821D-4035-BE60-4CC587224DE4}.Release|Any CPU.ActiveCfg = Release|Any CPU
		{B817CBF0-821D-4035-BE60-4CC587224DE4}.Release|Any CPU.Build.0 = Release|Any CPU
		{E9B46317-2B95-4B69-A5D0-1B13EE283963}.Debug|Any CPU.ActiveCfg = Debug|Any CPU
		{E9B46317-2B95-4B69-A5D0-1B13EE283963}.Debug|Any CPU.Build.0 = Debug|Any CPU
		{E9B46317-2B95-4B69-A5D0-1B13EE283963}.Release|Any CPU.ActiveCfg = Release|Any CPU
		{E9B46317-2B95-4B69-A5D0-1B13EE283963}.Release|Any CPU.Build.0 = Release|Any CPU
		{4A4E0767-C3EA-4C2E-8FE5-AD04BF3601FB}.Debug|Any CPU.ActiveCfg = Debug|Any CPU
		{4A4E0767-C3EA-4C2E-8FE5-AD04BF3601FB}.Debug|Any CPU.Build.0 = Debug|Any CPU
		{4A4E0767-C3EA-4C2E-8FE5-AD04BF3601FB}.Release|Any CPU.ActiveCfg = Release|Any CPU
		{4A4E0767-C3EA-4C2E-8FE5-AD04BF3601FB}.Release|Any CPU.Build.0 = Release|Any CPU
		{69FE491D-A375-4777-BE10-48055C77E8EB}.Debug|Any CPU.ActiveCfg = Debug|Any CPU
		{69FE491D-A375-4777-BE10-48055C77E8EB}.Debug|Any CPU.Build.0 = Debug|Any CPU
		{69FE491D-A375-4777-BE10-48055C77E8EB}.Release|Any CPU.ActiveCfg = Release|Any CPU
		{69FE491D-A375-4777-BE10-48055C77E8EB}.Release|Any CPU.Build.0 = Release|Any CPU
	EndGlobalSection
EndGlobal
